
Microsoft Visual Studio Solution File, Format Version 12.00
# Visual Studio 15
VisualStudioVersion = 15.0.28307.168
MinimumVisualStudioVersion = 10.0.40219.1
Project("{F184B08F-C81C-45F6-A57F-5ABD9991F28F}") = "Profile", "Profile\Profile.vbproj", "{1A78A9F1-1F62-4AE3-933C-D70234C06C62}"
EndProject
Global
	GlobalSection(Performance) = preSolution
		HasPerformanceSessions = true
	EndGlobalSection
	GlobalSection(SolutionConfigurationPlatforms) = preSolution
		Debug|Any CPU = Debug|Any CPU
		Release|Any CPU = Release|Any CPU
	EndGlobalSection
	GlobalSection(ProjectConfigurationPlatforms) = postSolution
		{1A78A9F1-1F62-4AE3-933C-D70234C06C62}.Debug|Any CPU.ActiveCfg = Debug|Any CPU
		{1A78A9F1-1F62-4AE3-933C-D70234C06C62}.Debug|Any CPU.Build.0 = Debug|Any CPU
		{1A78A9F1-1F62-4AE3-933C-D70234C06C62}.Release|Any CPU.ActiveCfg = Release|Any CPU
		{1A78A9F1-1F62-4AE3-933C-D70234C06C62}.Release|Any CPU.Build.0 = Release|Any CPU
	EndGlobalSection
	GlobalSection(SolutionProperties) = preSolution
		HideSolutionNode = FALSE
	EndGlobalSection
	GlobalSection(ExtensibilityGlobals) = postSolution
		SolutionGuid = {6A2CEFD6-A7AD-4B38-BD68-839C2777318B}
	EndGlobalSection
EndGlobal
